
Microsoft Visual Studio Solution File, Format Version 12.00
# Visual Studio Version 16
VisualStudioVersion = 16.0.32228.343
MinimumVisualStudioVersion = 10.0.40219.1
Project("{2150E333-8FDC-42A3-9474-1A3956D46DE8}") = "Services", "Services", "{5FBB781B-D5D9-49D9-BDEB-8B7D96217AC7}"
EndProject
Project("{2150E333-8FDC-42A3-9474-1A3956D46DE8}") = "Catalog", "Catalog", "{739D90D7-2480-485B-BBEA-E04EA1659A5F}"
EndProject
Project("{9A19103F-16F7-4668-BE54-9A1E7A4F7556}") = "Catalog.API", "Services\Catalog\Catalog.API\Catalog.API.csproj", "{F9FAC327-DFBA-4198-AF44-A6929CFE6D5D}"
EndProject
Project("{E53339B2-1760-4266-BCC7-CA923CBCF16C}") = "docker-compose", "docker-compose.dcproj", "{719D1253-30F5-41A1-A979-19C6A870BF57}"
EndProject
Project("{2150E333-8FDC-42A3-9474-1A3956D46DE8}") = "Basket", "Basket", "{5951F7E1-512C-449F-A0D8-189D21B28425}"
EndProject
Project("{9A19103F-16F7-4668-BE54-9A1E7A4F7556}") = "Basket.API", "Services\Basket\Basket.API\Basket.API.csproj", "{CAF6396A-F86D-4F57-BF4C-7FBCB818216B}"
EndProject
Project("{9A19103F-16F7-4668-BE54-9A1E7A4F7556}") = "Basket.UnitTests", "Services\Basket\Basket.UnitTests\Basket.UnitTests.csproj", "{C94F5396-E4AC-4644-BC97-D6FD211EF9C1}"
EndProject
Project("{2150E333-8FDC-42A3-9474-1A3956D46DE8}") = "Discount", "Discount", "{947AA58E-8594-40CD-AB87-65973040E99A}"
EndProject
Project("{9A19103F-16F7-4668-BE54-9A1E7A4F7556}") = "Discount.API", "Services\Discount\Discount.API\Discount.API.csproj", "{23702C36-DFE5-4181-A9B7-6564D9D7174C}"
EndProject
Project("{9A19103F-16F7-4668-BE54-9A1E7A4F7556}") = "Discount.Grpc", "Services\Discount\Discount.Grpc\Discount.Grpc.csproj", "{8BE8D92A-8330-4D38-9C58-8E650B4448C9}"
EndProject
Project("{2150E333-8FDC-42A3-9474-1A3956D46DE8}") = "Ordering", "Ordering", "{AADEC771-94A7-43F7-9F78-D3A0F4BF655B}"
EndProject
Project("{FAE04EC0-301F-11D3-BF4B-00C04F79EFBC}") = "Ordering.API", "Services\Ordering\Ordering.API\Ordering.API.csproj", "{163E68D2-7549-4939-96CD-D22A8222A530}"
EndProject
Project("{FAE04EC0-301F-11D3-BF4B-00C04F79EFBC}") = "Ordering.Domain", "Services\Ordering\Ordering.Domain\Ordering.Domain.csproj", "{622F29F5-CEC2-49BE-8A71-DEAB001D4660}"
EndProject
Project("{FAE04EC0-301F-11D3-BF4B-00C04F79EFBC}") = "Ordering.Application", "Services\Ordering\Ordering.Application\Ordering.Application.csproj", "{1CDE9F9A-3689-4B60-8302-8BAAC021E170}"
EndProject
Project("{FAE04EC0-301F-11D3-BF4B-00C04F79EFBC}") = "Ordering.Infrastructure", "Services\Ordering\Ordering.Infrastructure\Ordering.Infrastructure.csproj", "{7A1DFAAB-87A8-4DAC-AE84-363F5D9EC5C2}"
EndProject
Global
	GlobalSection(SolutionConfigurationPlatforms) = preSolution
		Debug|Any CPU = Debug|Any CPU
		Release|Any CPU = Release|Any CPU
	EndGlobalSection
	GlobalSection(ProjectConfigurationPlatforms) = postSolution
		{F9FAC327-DFBA-4198-AF44-A6929CFE6D5D}.Debug|Any CPU.ActiveCfg = Debug|Any CPU
		{F9FAC327-DFBA-4198-AF44-A6929CFE6D5D}.Debug|Any CPU.Build.0 = Debug|Any CPU
		{F9FAC327-DFBA-4198-AF44-A6929CFE6D5D}.Release|Any CPU.ActiveCfg = Release|Any CPU
		{F9FAC327-DFBA-4198-AF44-A6929CFE6D5D}.Release|Any CPU.Build.0 = Release|Any CPU
		{719D1253-30F5-41A1-A979-19C6A870BF57}.Debug|Any CPU.ActiveCfg = Debug|Any CPU
		{719D1253-30F5-41A1-A979-19C6A870BF57}.Debug|Any CPU.Build.0 = Debug|Any CPU
		{719D1253-30F5-41A1-A979-19C6A870BF57}.Release|Any CPU.ActiveCfg = Release|Any CPU
		{719D1253-30F5-41A1-A979-19C6A870BF57}.Release|Any CPU.Build.0 = Release|Any CPU
		{CAF6396A-F86D-4F57-BF4C-7FBCB818216B}.Debug|Any CPU.ActiveCfg = Debug|Any CPU
		{CAF6396A-F86D-4F57-BF4C-7FBCB818216B}.Debug|Any CPU.Build.0 = Debug|Any CPU
		{CAF6396A-F86D-4F57-BF4C-7FBCB818216B}.Release|Any CPU.ActiveCfg = Release|Any CPU
		{CAF6396A-F86D-4F57-BF4C-7FBCB818216B}.Release|Any CPU.Build.0 = Release|Any CPU
		{C94F5396-E4AC-4644-BC97-D6FD211EF9C1}.Debug|Any CPU.ActiveCfg = Debug|Any CPU
		{C94F5396-E4AC-4644-BC97-D6FD211EF9C1}.Debug|Any CPU.Build.0 = Debug|Any CPU
		{C94F5396-E4AC-4644-BC97-D6FD211EF9C1}.Release|Any CPU.ActiveCfg = Release|Any CPU
		{C94F5396-E4AC-4644-BC97-D6FD211EF9C1}.Release|Any CPU.Build.0 = Release|Any CPU
		{23702C36-DFE5-4181-A9B7-6564D9D7174C}.Debug|Any CPU.ActiveCfg = Debug|Any CPU
		{23702C36-DFE5-4181-A9B7-6564D9D7174C}.Debug|Any CPU.Build.0 = Debug|Any CPU
		{23702C36-DFE5-4181-A9B7-6564D9D7174C}.Release|Any CPU.ActiveCfg = Release|Any CPU
		{23702C36-DFE5-4181-A9B7-6564D9D7174C}.Release|Any CPU.Build.0 = Release|Any CPU
		{8BE8D92A-8330-4D38-9C58-8E650B4448C9}.Debug|Any CPU.ActiveCfg = Debug|Any CPU
		{8BE8D92A-8330-4D38-9C58-8E650B4448C9}.Debug|Any CPU.Build.0 = Debug|Any CPU
		{8BE8D92A-8330-4D38-9C58-8E650B4448C9}.Release|Any CPU.ActiveCfg = Release|Any CPU
		{8BE8D92A-8330-4D38-9C58-8E650B4448C9}.Release|Any CPU.Build.0 = Release|Any CPU
		{163E68D2-7549-4939-96CD-D22A8222A530}.Debug|Any CPU.ActiveCfg = Debug|Any CPU
		{163E68D2-7549-4939-96CD-D22A8222A530}.Debug|Any CPU.Build.0 = Debug|Any CPU
		{163E68D2-7549-4939-96CD-D22A8222A530}.Release|Any CPU.ActiveCfg = Release|Any CPU
		{163E68D2-7549-4939-96CD-D22A8222A530}.Release|Any CPU.Build.0 = Release|Any CPU
		{622F29F5-CEC2-49BE-8A71-DEAB001D4660}.Debug|Any CPU.ActiveCfg = Debug|Any CPU
		{622F29F5-CEC2-49BE-8A71-DEAB001D4660}.Debug|Any CPU.Build.0 = Debug|Any CPU
		{622F29F5-CEC2-49BE-8A71-DEAB001D4660}.Release|Any CPU.ActiveCfg = Release|Any CPU
		{622F29F5-CEC2-49BE-8A71-DEAB001D4660}.Release|Any CPU.Build.0 = Release|Any CPU
		{1CDE9F9A-3689-4B60-8302-8BAAC021E170}.Debug|Any CPU.ActiveCfg = Debug|Any CPU
		{1CDE9F9A-3689-4B60-8302-8BAAC021E170}.Debug|Any CPU.Build.0 = Debug|Any CPU
		{1CDE9F9A-3689-4B60-8302-8BAAC021E170}.Release|Any CPU.ActiveCfg = Release|Any CPU
		{1CDE9F9A-3689-4B60-8302-8BAAC021E170}.Release|Any CPU.Build.0 = Release|Any CPU
		{7A1DFAAB-87A8-4DAC-AE84-363F5D9EC5C2}.Debug|Any CPU.ActiveCfg = Debug|Any CPU
		{7A1DFAAB-87A8-4DAC-AE84-363F5D9EC5C2}.Debug|Any CPU.Build.0 = Debug|Any CPU
		{7A1DFAAB-87A8-4DAC-AE84-363F5D9EC5C2}.Release|Any CPU.ActiveCfg = Release|Any CPU
		{7A1DFAAB-87A8-4DAC-AE84-363F5D9EC5C2}.Release|Any CPU.Build.0 = Release|Any CPU
	EndGlobalSection
	GlobalSection(SolutionProperties) = preSolution
		HideSolutionNode = FALSE
	EndGlobalSection
	GlobalSection(NestedProjects) = preSolution
		{739D90D7-2480-485B-BBEA-E04EA1659A5F} = {5FBB781B-D5D9-49D9-BDEB-8B7D96217AC7}
		{F9FAC327-DFBA-4198-AF44-A6929CFE6D5D} = {739D90D7-2480-485B-BBEA-E04EA1659A5F}
		{5951F7E1-512C-449F-A0D8-189D21B28425} = {5FBB781B-D5D9-49D9-BDEB-8B7D96217AC7}
		{CAF6396A-F86D-4F57-BF4C-7FBCB818216B} = {5951F7E1-512C-449F-A0D8-189D21B28425}
		{C94F5396-E4AC-4644-BC97-D6FD211EF9C1} = {5951F7E1-512C-449F-A0D8-189D21B28425}
		{947AA58E-8594-40CD-AB87-65973040E99A} = {5FBB781B-D5D9-49D9-BDEB-8B7D96217AC7}
		{23702C36-DFE5-4181-A9B7-6564D9D7174C} = {947AA58E-8594-40CD-AB87-65973040E99A}
		{8BE8D92A-8330-4D38-9C58-8E650B4448C9} = {947AA58E-8594-40CD-AB87-65973040E99A}
		{AADEC771-94A7-43F7-9F78-D3A0F4BF655B} = {5FBB781B-D5D9-49D9-BDEB-8B7D96217AC7}
		{163E68D2-7549-4939-96CD-D22A8222A530} = {AADEC771-94A7-43F7-9F78-D3A0F4BF655B}
		{622F29F5-CEC2-49BE-8A71-DEAB001D4660} = {AADEC771-94A7-43F7-9F78-D3A0F4BF655B}
		{1CDE9F9A-3689-4B60-8302-8BAAC021E170} = {AADEC771-94A7-43F7-9F78-D3A0F4BF655B}
		{7A1DFAAB-87A8-4DAC-AE84-363F5D9EC5C2} = {AADEC771-94A7-43F7-9F78-D3A0F4BF655B}
	EndGlobalSection
	GlobalSection(ExtensibilityGlobals) = postSolution
		SolutionGuid = {E3590D56-DB2A-4430-A62A-406C9F704D4C}
	EndGlobalSection
EndGlobal
