
Microsoft Visual Studio Solution File, Format Version 12.00
# Visual Studio Version 16
VisualStudioVersion = 16.0.32228.343
MinimumVisualStudioVersion = 10.0.40219.1
Project("{2150E333-8FDC-42A3-9474-1A3956D46DE8}") = "Services", "Services", "{5FBB781B-D5D9-49D9-BDEB-8B7D96217AC7}"
EndProject
Project("{2150E333-8FDC-42A3-9474-1A3956D46DE8}") = "Catalog", "Catalog", "{739D90D7-2480-485B-BBEA-E04EA1659A5F}"
EndProject
Project("{9A19103F-16F7-4668-BE54-9A1E7A4F7556}") = "Catalog.API", "Services\Catalog\Catalog.API\Catalog.API.csproj", "{F9FAC327-DFBA-4198-AF44-A6929CFE6D5D}"
EndProject
Project("{E53339B2-1760-4266-BCC7-CA923CBCF16C}") = "docker-compose", "docker-compose.dcproj", "{719D1253-30F5-41A1-A979-19C6A870BF57}"
EndProject
Project("{2150E333-8FDC-42A3-9474-1A3956D46DE8}") = "Basket", "Basket", "{5951F7E1-512C-449F-A0D8-189D21B28425}"
EndProject
Project("{FAE04EC0-301F-11D3-BF4B-00C04F79EFBC}") = "Basket.API", "Services\Basket\Basket.API\Basket.API.csproj", "{CAF6396A-F86D-4F57-BF4C-7FBCB818216B}"
EndProject
Global
	GlobalSection(SolutionConfigurationPlatforms) = preSolution
		Debug|Any CPU = Debug|Any CPU
		Release|Any CPU = Release|Any CPU
	EndGlobalSection
	GlobalSection(ProjectConfigurationPlatforms) = postSolution
		{F9FAC327-DFBA-4198-AF44-A6929CFE6D5D}.Debug|Any CPU.ActiveCfg = Debug|Any CPU
		{F9FAC327-DFBA-4198-AF44-A6929CFE6D5D}.Debug|Any CPU.Build.0 = Debug|Any CPU
		{F9FAC327-DFBA-4198-AF44-A6929CFE6D5D}.Release|Any CPU.ActiveCfg = Release|Any CPU
		{F9FAC327-DFBA-4198-AF44-A6929CFE6D5D}.Release|Any CPU.Build.0 = Release|Any CPU
		{719D1253-30F5-41A1-A979-19C6A870BF57}.Debug|Any CPU.ActiveCfg = Debug|Any CPU
		{719D1253-30F5-41A1-A979-19C6A870BF57}.Debug|Any CPU.Build.0 = Debug|Any CPU
		{719D1253-30F5-41A1-A979-19C6A870BF57}.Release|Any CPU.ActiveCfg = Release|Any CPU
		{719D1253-30F5-41A1-A979-19C6A870BF57}.Release|Any CPU.Build.0 = Release|Any CPU
		{CAF6396A-F86D-4F57-BF4C-7FBCB818216B}.Debug|Any CPU.ActiveCfg = Debug|Any CPU
		{CAF6396A-F86D-4F57-BF4C-7FBCB818216B}.Debug|Any CPU.Build.0 = Debug|Any CPU
		{CAF6396A-F86D-4F57-BF4C-7FBCB818216B}.Release|Any CPU.ActiveCfg = Release|Any CPU
		{CAF6396A-F86D-4F57-BF4C-7FBCB818216B}.Release|Any CPU.Build.0 = Release|Any CPU
	EndGlobalSection
	GlobalSection(SolutionProperties) = preSolution
		HideSolutionNode = FALSE
	EndGlobalSection
	GlobalSection(NestedProjects) = preSolution
		{739D90D7-2480-485B-BBEA-E04EA1659A5F} = {5FBB781B-D5D9-49D9-BDEB-8B7D96217AC7}
		{F9FAC327-DFBA-4198-AF44-A6929CFE6D5D} = {739D90D7-2480-485B-BBEA-E04EA1659A5F}
		{5951F7E1-512C-449F-A0D8-189D21B28425} = {5FBB781B-D5D9-49D9-BDEB-8B7D96217AC7}
		{CAF6396A-F86D-4F57-BF4C-7FBCB818216B} = {5951F7E1-512C-449F-A0D8-189D21B28425}
	EndGlobalSection
	GlobalSection(ExtensibilityGlobals) = postSolution
		SolutionGuid = {E3590D56-DB2A-4430-A62A-406C9F704D4C}
	EndGlobalSection
EndGlobal
